{
  "name": "node_js",
  "version": "1.0.0",
  "lockfileVersion": 2,
  "requires": true,
  "packages": {
    "": {
      "name": "node_js",
      "version": "1.0.0",
      "license": "ISC",
      "dependencies": {
        "@dmitriydmx/ajs": "^1.0.0"
      }
    },
    "node_modules/@dmitriydmx/ajs": {
      "version": "1.0.0",
      "resolved": "https://npm.pkg.github.com/download/@dmitriydmx/ajs/1.0.0/e9015dbf6cd9c0f81ada5d5055093fc8fcba67c8",
      "integrity": "sha512-ax0vVFByrlxj+Vq83XTKkbzWNAjnp8/G3fawcN8OhmYrrbvYQcmTKg94syerw2rrnX6qJuCLdT2rOZ6k2Un0eQ==",
      "license": "ISC"
    }
  },
  "dependencies": {
    "@dmitriydmx/ajs": {
      "version": "1.0.0",
      "resolved": "https://npm.pkg.github.com/download/@dmitriydmx/ajs/1.0.0/e9015dbf6cd9c0f81ada5d5055093fc8fcba67c8",
      "integrity": "sha512-ax0vVFByrlxj+Vq83XTKkbzWNAjnp8/G3fawcN8OhmYrrbvYQcmTKg94syerw2rrnX6qJuCLdT2rOZ6k2Un0eQ=="
    }
  }
}
